
Microsoft Visual Studio Solution File, Format Version 12.00
# Visual Studio 2013
VisualStudioVersion = 12.0.31101.0
MinimumVisualStudioVersion = 10.0.40219.1
Project("{FAE04EC0-301F-11D3-BF4B-00C04F79EFBC}") = "HearthstoneReplays", "HearthstoneReplays\HearthstoneReplays.csproj", "{47CD4647-790B-428D-B4E4-8B3267C63469}"
EndProject
Project("{FAE04EC0-301F-11D3-BF4B-00C04F79EFBC}") = "HearthstoneReplayTests", "HearthstoneReplayTests\HearthstoneReplayTests.csproj", "{D4C43DE0-83F6-42E1-8A2E-5956F61D4802}"
EndProject
Global
	GlobalSection(SolutionConfigurationPlatforms) = preSolution
		Debug|Any CPU = Debug|Any CPU
		Release|Any CPU = Release|Any CPU
	EndGlobalSection
	GlobalSection(ProjectConfigurationPlatforms) = postSolution
		{47CD4647-790B-428D-B4E4-8B3267C63469}.Debug|Any CPU.ActiveCfg = Debug|Any CPU
		{47CD4647-790B-428D-B4E4-8B3267C63469}.Debug|Any CPU.Build.0 = Debug|Any CPU
		{47CD4647-790B-428D-B4E4-8B3267C63469}.Release|Any CPU.ActiveCfg = Release|Any CPU
		{47CD4647-790B-428D-B4E4-8B3267C63469}.Release|Any CPU.Build.0 = Release|Any CPU
		{D4C43DE0-83F6-42E1-8A2E-5956F61D4802}.Debug|Any CPU.ActiveCfg = Debug|Any CPU
		{D4C43DE0-83F6-42E1-8A2E-5956F61D4802}.Debug|Any CPU.Build.0 = Debug|Any CPU
		{D4C43DE0-83F6-42E1-8A2E-5956F61D4802}.Release|Any CPU.ActiveCfg = Release|Any CPU
		{D4C43DE0-83F6-42E1-8A2E-5956F61D4802}.Release|Any CPU.Build.0 = Release|Any CPU
	EndGlobalSection
	GlobalSection(SolutionProperties) = preSolution
		HideSolutionNode = FALSE
	EndGlobalSection
EndGlobal
